
Microsoft Visual Studio Solution File, Format Version 12.00
# Visual Studio Version 17
VisualStudioVersion = 17.9.34728.123
MinimumVisualStudioVersion = 10.0.40219.1
Project("{FAE04EC0-301F-11D3-BF4B-00C04F79EFBC}") = "FileUploadCoreMVC", "FileUploadCoreMVC\FileUploadCoreMVC.csproj", "{58D760F9-A4E6-434E-A103-ED56C3B75DC9}"
EndProject
Global
	GlobalSection(SolutionConfigurationPlatforms) = preSolution
		Debug|Any CPU = Debug|Any CPU
		Release|Any CPU = Release|Any CPU
	EndGlobalSection
	GlobalSection(ProjectConfigurationPlatforms) = postSolution
		{58D760F9-A4E6-434E-A103-ED56C3B75DC9}.Debug|Any CPU.ActiveCfg = Debug|Any CPU
		{58D760F9-A4E6-434E-A103-ED56C3B75DC9}.Debug|Any CPU.Build.0 = Debug|Any CPU
		{58D760F9-A4E6-434E-A103-ED56C3B75DC9}.Release|Any CPU.ActiveCfg = Release|Any CPU
		{58D760F9-A4E6-434E-A103-ED56C3B75DC9}.Release|Any CPU.Build.0 = Release|Any CPU
	EndGlobalSection
	GlobalSection(SolutionProperties) = preSolution
		HideSolutionNode = FALSE
	EndGlobalSection
	GlobalSection(ExtensibilityGlobals) = postSolution
		SolutionGuid = {69422566-7EC4-4ACC-83FB-4A0DC53D2867}
	EndGlobalSection
EndGlobal
